
Microsoft Visual Studio Solution File, Format Version 12.00
# Visual Studio Version 17
VisualStudioVersion = 17.0.31903.59
MinimumVisualStudioVersion = 10.0.40219.1
Project("{FAE04EC0-301F-11D3-BF4B-00C04F79EFBC}") = "MinimalApi", "MinimalApi\MinimalApi.csproj", "{0B7ED63A-B5E4-4B46-BA07-E9A862A290BA}"
EndProject
Global
	GlobalSection(SolutionConfigurationPlatforms) = preSolution
		Debug|Any CPU = Debug|Any CPU
		Release|Any CPU = Release|Any CPU
	EndGlobalSection
	GlobalSection(ProjectConfigurationPlatforms) = postSolution
		{0B7ED63A-B5E4-4B46-BA07-E9A862A290BA}.Debug|Any CPU.ActiveCfg = Debug|Any CPU
		{0B7ED63A-B5E4-4B46-BA07-E9A862A290BA}.Debug|Any CPU.Build.0 = Debug|Any CPU
		{0B7ED63A-B5E4-4B46-BA07-E9A862A290BA}.Release|Any CPU.ActiveCfg = Release|Any CPU
		{0B7ED63A-B5E4-4B46-BA07-E9A862A290BA}.Release|Any CPU.Build.0 = Release|Any CPU
	EndGlobalSection
	GlobalSection(SolutionProperties) = preSolution
		HideSolutionNode = FALSE
	EndGlobalSection
	GlobalSection(ExtensibilityGlobals) = postSolution
		SolutionGuid = {56B64C50-51E6-432E-B7BF-EB2A48D0360C}
	EndGlobalSection
EndGlobal
